
Microsoft Visual Studio Solution File, Format Version 12.00
# Visual Studio 15
Project("{FAE04EC0-301F-11D3-BF4B-00C04F79EFBC}") = "Assembly-CSharp", "Assembly-CSharp.csproj", "{B18CF5ED-B2B2-9AFC-6C18-F62E0668B501}"
EndProject
Project("{FAE04EC0-301F-11D3-BF4B-00C04F79EFBC}") = "Assembly-CSharp-Editor", "Assembly-CSharp-Editor.csproj", "{BAF81E78-4CF7-94F8-C894-47DCC7F0BD32}"
EndProject
Global
	GlobalSection(SolutionConfigurationPlatforms) = preSolution
		Debug|Any CPU = Debug|Any CPU
		Release|Any CPU = Release|Any CPU
	EndGlobalSection
	GlobalSection(ProjectConfigurationPlatforms) = postSolution
		{B18CF5ED-B2B2-9AFC-6C18-F62E0668B501}.Debug|Any CPU.ActiveCfg = Debug|Any CPU
		{B18CF5ED-B2B2-9AFC-6C18-F62E0668B501}.Debug|Any CPU.Build.0 = Debug|Any CPU
		{B18CF5ED-B2B2-9AFC-6C18-F62E0668B501}.Release|Any CPU.ActiveCfg = Release|Any CPU
		{B18CF5ED-B2B2-9AFC-6C18-F62E0668B501}.Release|Any CPU.Build.0 = Release|Any CPU
		{BAF81E78-4CF7-94F8-C894-47DCC7F0BD32}.Debug|Any CPU.ActiveCfg = Debug|Any CPU
		{BAF81E78-4CF7-94F8-C894-47DCC7F0BD32}.Debug|Any CPU.Build.0 = Debug|Any CPU
		{BAF81E78-4CF7-94F8-C894-47DCC7F0BD32}.Release|Any CPU.ActiveCfg = Release|Any CPU
		{BAF81E78-4CF7-94F8-C894-47DCC7F0BD32}.Release|Any CPU.Build.0 = Release|Any CPU
	EndGlobalSection
	GlobalSection(SolutionProperties) = preSolution
		HideSolutionNode = FALSE
	EndGlobalSection
EndGlobal
